// !$*UTF8*$!
{
	archiveVersion = 1;
	classes = {
	};
	objectVersion = 55;
	objects = {

/* Begin PBXBuildFile section */
		6043813328C8F9AD00B9D685 /* PeerBrowser.swift in Sources */ = {isa = PBXBuildFile; fileRef = 6043813228C8F9AD00B9D685 /* PeerBrowser.swift */; };
		6043813528C8F9B600B9D685 /* PeerListener.swift in Sources */ = {isa = PBXBuildFile; fileRef = 6043813428C8F9B600B9D685 /* PeerListener.swift */; };
		6043813728C8F9CB00B9D685 /* PeerConnection.swift in Sources */ = {isa = PBXBuildFile; fileRef = 6043813628C8F9CB00B9D685 /* PeerConnection.swift */; };
		6043813928C8F9D500B9D685 /* NWParameters.swift in Sources */ = {isa = PBXBuildFile; fileRef = 6043813828C8F9D500B9D685 /* NWParameters.swift */; };
		6043813B28C8FA2400B9D685 /* Data+Extensions.swift in Sources */ = {isa = PBXBuildFile; fileRef = 6043813A28C8FA2400B9D685 /* Data+Extensions.swift */; };
		6044A40828C1D40500AFFD1C /* UIView+Extensions.swift in Sources */ = {isa = PBXBuildFile; fileRef = 6044A40728C1D40500AFFD1C /* UIView+Extensions.swift */; };
		6090AC1528E53CA900E1174F /* PeerTableViewCell.swift in Sources */ = {isa = PBXBuildFile; fileRef = 6090AC1428E53CA900E1174F /* PeerTableViewCell.swift */; };
		60A6AAA628B9060200150AF2 /* AppDelegate.swift in Sources */ = {isa = PBXBuildFile; fileRef = 60A6AAA528B9060200150AF2 /* AppDelegate.swift */; };
		60A6AAA828B9060200150AF2 /* SceneDelegate.swift in Sources */ = {isa = PBXBuildFile; fileRef = 60A6AAA728B9060200150AF2 /* SceneDelegate.swift */; };
		60A6AAAA28B9060200150AF2 /* MainViewController.swift in Sources */ = {isa = PBXBuildFile; fileRef = 60A6AAA928B9060200150AF2 /* MainViewController.swift */; };
		60A6AAAD28B9060200150AF2 /* Main.storyboard in Resources */ = {isa = PBXBuildFile; fileRef = 60A6AAAB28B9060200150AF2 /* Main.storyboard */; };
		60A6AAB028B9060200150AF2 /* Walkie_Talkie.xcdatamodeld in Sources */ = {isa = PBXBuildFile; fileRef = 60A6AAAE28B9060200150AF2 /* Walkie_Talkie.xcdatamodeld */; };
		60A6AAB228B9060400150AF2 /* Assets.xcassets in Resources */ = {isa = PBXBuildFile; fileRef = 60A6AAB128B9060400150AF2 /* Assets.xcassets */; };
		60A6AAB528B9060400150AF2 /* LaunchScreen.storyboard in Resources */ = {isa = PBXBuildFile; fileRef = 60A6AAB328B9060400150AF2 /* LaunchScreen.storyboard */; };
		60A6AAC628B9BD4700150AF2 /* WalkieTalkieData+CoreDataClass.swift in Sources */ = {isa = PBXBuildFile; fileRef = 60A6AAC428B9BD4700150AF2 /* WalkieTalkieData+CoreDataClass.swift */; };
		60A6AAC728B9BD4700150AF2 /* WalkieTalkieData+CoreDataProperties.swift in Sources */ = {isa = PBXBuildFile; fileRef = 60A6AAC528B9BD4700150AF2 /* WalkieTalkieData+CoreDataProperties.swift */; };
		60A6AAC928BA42FD00150AF2 /* CoreDataManager.swift in Sources */ = {isa = PBXBuildFile; fileRef = 60A6AAC828BA42FD00150AF2 /* CoreDataManager.swift */; };
		60C7BC2728C39A6300160477 /* String+Extensions.swift in Sources */ = {isa = PBXBuildFile; fileRef = 60C7BC2628C39A6300160477 /* String+Extensions.swift */; };
		60D38D5B28C4F5AE006E2BDC /* RadioViewController.swift in Sources */ = {isa = PBXBuildFile; fileRef = 60D38D5A28C4F5AE006E2BDC /* RadioViewController.swift */; };
/* End PBXBuildFile section */

/* Begin PBXFileReference section */
		6043813228C8F9AD00B9D685 /* PeerBrowser.swift */ = {isa = PBXFileReference; lastKnownFileType = sourcecode.swift; path = PeerBrowser.swift; sourceTree = "<group>"; };
		6043813428C8F9B600B9D685 /* PeerListener.swift */ = {isa = PBXFileReference; lastKnownFileType = sourcecode.swift; path = PeerListener.swift; sourceTree = "<group>"; };
		6043813628C8F9CB00B9D685 /* PeerConnection.swift */ = {isa = PBXFileReference; lastKnownFileType = sourcecode.swift; path = PeerConnection.swift; sourceTree = "<group>"; };
		6043813828C8F9D500B9D685 /* NWParameters.swift */ = {isa = PBXFileReference; lastKnownFileType = sourcecode.swift; path = NWParameters.swift; sourceTree = "<group>"; };
		6043813A28C8FA2400B9D685 /* Data+Extensions.swift */ = {isa = PBXFileReference; lastKnownFileType = sourcecode.swift; path = "Data+Extensions.swift"; sourceTree = "<group>"; };
		6044A40728C1D40500AFFD1C /* UIView+Extensions.swift */ = {isa = PBXFileReference; lastKnownFileType = sourcecode.swift; path = "UIView+Extensions.swift"; sourceTree = "<group>"; };
		6083CB7128DE683E0034446D /* AVFoundation.framework */ = {isa = PBXFileReference; lastKnownFileType = wrapper.framework; name = AVFoundation.framework; path = System/Library/Frameworks/AVFoundation.framework; sourceTree = SDKROOT; };
		6090AC1428E53CA900E1174F /* PeerTableViewCell.swift */ = {isa = PBXFileReference; lastKnownFileType = sourcecode.swift; path = PeerTableViewCell.swift; sourceTree = "<group>"; };
		60A6AAA228B9060200150AF2 /* Walkie-Talkie.app */ = {isa = PBXFileReference; explicitFileType = wrapper.application; includeInIndex = 0; path = "Walkie-Talkie.app"; sourceTree = BUILT_PRODUCTS_DIR; };
		60A6AAA528B9060200150AF2 /* AppDelegate.swift */ = {isa = PBXFileReference; lastKnownFileType = sourcecode.swift; path = AppDelegate.swift; sourceTree = "<group>"; };
		60A6AAA728B9060200150AF2 /* SceneDelegate.swift */ = {isa = PBXFileReference; lastKnownFileType = sourcecode.swift; path = SceneDelegate.swift; sourceTree = "<group>"; };
		60A6AAA928B9060200150AF2 /* MainViewController.swift */ = {isa = PBXFileReference; lastKnownFileType = sourcecode.swift; path = MainViewController.swift; sourceTree = "<group>"; };
		60A6AAAC28B9060200150AF2 /* Base */ = {isa = PBXFileReference; lastKnownFileType = file.storyboard; name = Base; path = Base.lproj/Main.storyboard; sourceTree = "<group>"; };
		60A6AAAF28B9060200150AF2 /* Walkie_Talkie.xcdatamodel */ = {isa = PBXFileReference; lastKnownFileType = wrapper.xcdatamodel; path = Walkie_Talkie.xcdatamodel; sourceTree = "<group>"; };
		60A6AAB128B9060400150AF2 /* Assets.xcassets */ = {isa = PBXFileReference; lastKnownFileType = folder.assetcatalog; path = Assets.xcassets; sourceTree = "<group>"; };
		60A6AAB428B9060400150AF2 /* Base */ = {isa = PBXFileReference; lastKnownFileType = file.storyboard; name = Base; path = Base.lproj/LaunchScreen.storyboard; sourceTree = "<group>"; };
		60A6AAB628B9060400150AF2 /* Info.plist */ = {isa = PBXFileReference; lastKnownFileType = text.plist.xml; path = Info.plist; sourceTree = "<group>"; };
		60A6AAC428B9BD4700150AF2 /* WalkieTalkieData+CoreDataClass.swift */ = {isa = PBXFileReference; lastKnownFileType = sourcecode.swift; path = "WalkieTalkieData+CoreDataClass.swift"; sourceTree = "<group>"; };
		60A6AAC528B9BD4700150AF2 /* WalkieTalkieData+CoreDataProperties.swift */ = {isa = PBXFileReference; lastKnownFileType = sourcecode.swift; path = "WalkieTalkieData+CoreDataProperties.swift"; sourceTree = "<group>"; };
		60A6AAC828BA42FD00150AF2 /* CoreDataManager.swift */ = {isa = PBXFileReference; lastKnownFileType = sourcecode.swift; path = CoreDataManager.swift; sourceTree = "<group>"; };
		60C7BC2628C39A6300160477 /* String+Extensions.swift */ = {isa = PBXFileReference; lastKnownFileType = sourcecode.swift; path = "String+Extensions.swift"; sourceTree = "<group>"; };
		60D38D5A28C4F5AE006E2BDC /* RadioViewController.swift */ = {isa = PBXFileReference; lastKnownFileType = sourcecode.swift; path = RadioViewController.swift; sourceTree = "<group>"; };
/* End PBXFileReference section */

/* Begin PBXFrameworksBuildPhase section */
		60A6AA9F28B9060200150AF2 /* Frameworks */ = {
			isa = PBXFrameworksBuildPhase;
			buildActionMask = 2147483647;
			files = (
			);
			runOnlyForDeploymentPostprocessing = 0;
		};
/* End PBXFrameworksBuildPhase section */

/* Begin PBXGroup section */
		6083CB7028DE683E0034446D /* Frameworks */ = {
			isa = PBXGroup;
			children = (
				6083CB7128DE683E0034446D /* AVFoundation.framework */,
			);
			name = Frameworks;
			sourceTree = "<group>";
		};
		60A6AA9928B9060200150AF2 = {
			isa = PBXGroup;
			children = (
				60A6AAA428B9060200150AF2 /* Walkie-Talkie */,
				60A6AAA328B9060200150AF2 /* Products */,
				6083CB7028DE683E0034446D /* Frameworks */,
			);
			sourceTree = "<group>";
		};
		60A6AAA328B9060200150AF2 /* Products */ = {
			isa = PBXGroup;
			children = (
				60A6AAA228B9060200150AF2 /* Walkie-Talkie.app */,
			);
			name = Products;
			sourceTree = "<group>";
		};
		60A6AAA428B9060200150AF2 /* Walkie-Talkie */ = {
			isa = PBXGroup;
			children = (
				60C7BC2828C39A6F00160477 /* Extensions */,
				60A6AAA528B9060200150AF2 /* AppDelegate.swift */,
				60A6AAA728B9060200150AF2 /* SceneDelegate.swift */,
				60A6AABF28B909F300150AF2 /* Networking */,
				60A6AABC28B909D200150AF2 /* Models */,
				60A6AABD28B909D800150AF2 /* Views */,
				60A6AABE28B909E200150AF2 /* Controllers */,
				60A6AAAB28B9060200150AF2 /* Main.storyboard */,
				60A6AAB328B9060400150AF2 /* LaunchScreen.storyboard */,
				60A6AAB128B9060400150AF2 /* Assets.xcassets */,
				60A6AAB628B9060400150AF2 /* Info.plist */,
				60A6AAAE28B9060200150AF2 /* Walkie_Talkie.xcdatamodeld */,
			);
			path = "Walkie-Talkie";
			sourceTree = "<group>";
		};
		60A6AABC28B909D200150AF2 /* Models */ = {
			isa = PBXGroup;
			children = (
				60A6AAC428B9BD4700150AF2 /* WalkieTalkieData+CoreDataClass.swift */,
				60A6AAC528B9BD4700150AF2 /* WalkieTalkieData+CoreDataProperties.swift */,
				60A6AAC828BA42FD00150AF2 /* CoreDataManager.swift */,
			);
			path = Models;
			sourceTree = "<group>";
		};
		60A6AABD28B909D800150AF2 /* Views */ = {
			isa = PBXGroup;
			children = (
				6090AC1428E53CA900E1174F /* PeerTableViewCell.swift */,
			);
			path = Views;
			sourceTree = "<group>";
		};
		60A6AABE28B909E200150AF2 /* Controllers */ = {
			isa = PBXGroup;
			children = (
				60A6AAA928B9060200150AF2 /* MainViewController.swift */,
				60D38D5A28C4F5AE006E2BDC /* RadioViewController.swift */,
			);
			path = Controllers;
			sourceTree = "<group>";
		};
		60A6AABF28B909F300150AF2 /* Networking */ = {
			isa = PBXGroup;
			children = (
				6043813228C8F9AD00B9D685 /* PeerBrowser.swift */,
				6043813428C8F9B600B9D685 /* PeerListener.swift */,
				6043813628C8F9CB00B9D685 /* PeerConnection.swift */,
				6043813828C8F9D500B9D685 /* NWParameters.swift */,
			);
			path = Networking;
			sourceTree = "<group>";
		};
		60C7BC2828C39A6F00160477 /* Extensions */ = {
			isa = PBXGroup;
			children = (
				6044A40728C1D40500AFFD1C /* UIView+Extensions.swift */,
				60C7BC2628C39A6300160477 /* String+Extensions.swift */,
				6043813A28C8FA2400B9D685 /* Data+Extensions.swift */,
			);
			path = Extensions;
			sourceTree = "<group>";
		};
/* End PBXGroup section */

/* Begin PBXNativeTarget section */
		60A6AAA128B9060200150AF2 /* Walkie-Talkie */ = {
			isa = PBXNativeTarget;
			buildConfigurationList = 60A6AAB928B9060400150AF2 /* Build configuration list for PBXNativeTarget "Walkie-Talkie" */;
			buildPhases = (
				60A6AA9E28B9060200150AF2 /* Sources */,
				60A6AA9F28B9060200150AF2 /* Frameworks */,
				60A6AAA028B9060200150AF2 /* Resources */,
			);
			buildRules = (
			);
			dependencies = (
			);
			name = "Walkie-Talkie";
			productName = "Walkie-Talkie";
			productReference = 60A6AAA228B9060200150AF2 /* Walkie-Talkie.app */;
			productType = "com.apple.product-type.application";
		};
/* End PBXNativeTarget section */

/* Begin PBXProject section */
		60A6AA9A28B9060200150AF2 /* Project object */ = {
			isa = PBXProject;
			attributes = {
				BuildIndependentTargetsInParallel = 1;
				LastSwiftUpdateCheck = 1340;
				LastUpgradeCheck = 1340;
				TargetAttributes = {
					60A6AAA128B9060200150AF2 = {
						CreatedOnToolsVersion = 13.4.1;
					};
				};
			};
			buildConfigurationList = 60A6AA9D28B9060200150AF2 /* Build configuration list for PBXProject "Walkie-Talkie" */;
			compatibilityVersion = "Xcode 13.0";
			developmentRegion = en;
			hasScannedForEncodings = 0;
			knownRegions = (
				en,
				Base,
			);
			mainGroup = 60A6AA9928B9060200150AF2;
			productRefGroup = 60A6AAA328B9060200150AF2 /* Products */;
			projectDirPath = "";
			projectRoot = "";
			targets = (
				60A6AAA128B9060200150AF2 /* Walkie-Talkie */,
			);
		};
/* End PBXProject section */

/* Begin PBXResourcesBuildPhase section */
		60A6AAA028B9060200150AF2 /* Resources */ = {
			isa = PBXResourcesBuildPhase;
			buildActionMask = 2147483647;
			files = (
				60A6AAB528B9060400150AF2 /* LaunchScreen.storyboard in Resources */,
				60A6AAB228B9060400150AF2 /* Assets.xcassets in Resources */,
				60A6AAAD28B9060200150AF2 /* Main.storyboard in Resources */,
			);
			runOnlyForDeploymentPostprocessing = 0;
		};
/* End PBXResourcesBuildPhase section */

/* Begin PBXSourcesBuildPhase section */
		60A6AA9E28B9060200150AF2 /* Sources */ = {
			isa = PBXSourcesBuildPhase;
			buildActionMask = 2147483647;
			files = (
				60A6AAB028B9060200150AF2 /* Walkie_Talkie.xcdatamodeld in Sources */,
				6090AC1528E53CA900E1174F /* PeerTableViewCell.swift in Sources */,
				60A6AAAA28B9060200150AF2 /* MainViewController.swift in Sources */,
				60A6AAC628B9BD4700150AF2 /* WalkieTalkieData+CoreDataClass.swift in Sources */,
				60A6AAA628B9060200150AF2 /* AppDelegate.swift in Sources */,
				60C7BC2728C39A6300160477 /* String+Extensions.swift in Sources */,
				6043813328C8F9AD00B9D685 /* PeerBrowser.swift in Sources */,
				60A6AAC728B9BD4700150AF2 /* WalkieTalkieData+CoreDataProperties.swift in Sources */,
				60D38D5B28C4F5AE006E2BDC /* RadioViewController.swift in Sources */,
				6043813928C8F9D500B9D685 /* NWParameters.swift in Sources */,
				6043813B28C8FA2400B9D685 /* Data+Extensions.swift in Sources */,
				60A6AAC928BA42FD00150AF2 /* CoreDataManager.swift in Sources */,
				6044A40828C1D40500AFFD1C /* UIView+Extensions.swift in Sources */,
				60A6AAA828B9060200150AF2 /* SceneDelegate.swift in Sources */,
				6043813528C8F9B600B9D685 /* PeerListener.swift in Sources */,
				6043813728C8F9CB00B9D685 /* PeerConnection.swift in Sources */,
			);
			runOnlyForDeploymentPostprocessing = 0;
		};
/* End PBXSourcesBuildPhase section */

/* Begin PBXVariantGroup section */
		60A6AAAB28B9060200150AF2 /* Main.storyboard */ = {
			isa = PBXVariantGroup;
			children = (
				60A6AAAC28B9060200150AF2 /* Base */,
			);
			name = Main.storyboard;
			sourceTree = "<group>";
		};
		60A6AAB328B9060400150AF2 /* LaunchScreen.storyboard */ = {
			isa = PBXVariantGroup;
			children = (
				60A6AAB428B9060400150AF2 /* Base */,
			);
			name = LaunchScreen.storyboard;
			sourceTree = "<group>";
		};
/* End PBXVariantGroup section */

/* Begin XCBuildConfiguration section */
		60A6AAB728B9060400150AF2 /* Debug */ = {
			isa = XCBuildConfiguration;
			buildSettings = {
				ALWAYS_SEARCH_USER_PATHS = NO;
				CLANG_ANALYZER_NONNULL = YES;
				CLANG_ANALYZER_NUMBER_OBJECT_CONVERSION = YES_AGGRESSIVE;
				CLANG_CXX_LANGUAGE_STANDARD = "gnu++17";
				CLANG_ENABLE_MODULES = YES;
				CLANG_ENABLE_OBJC_ARC = YES;
				CLANG_ENABLE_OBJC_WEAK = YES;
				CLANG_WARN_BLOCK_CAPTURE_AUTORELEASING = YES;
				CLANG_WARN_BOOL_CONVERSION = YES;
				CLANG_WARN_COMMA = YES;
				CLANG_WARN_CONSTANT_CONVERSION = YES;
				CLANG_WARN_DEPRECATED_OBJC_IMPLEMENTATIONS = YES;
				CLANG_WARN_DIRECT_OBJC_ISA_USAGE = YES_ERROR;
				CLANG_WARN_DOCUMENTATION_COMMENTS = YES;
				CLANG_WARN_EMPTY_BODY = YES;
				CLANG_WARN_ENUM_CONVERSION = YES;
				CLANG_WARN_INFINITE_RECURSION = YES;
				CLANG_WARN_INT_CONVERSION = YES;
				CLANG_WARN_NON_LITERAL_NULL_CONVERSION = YES;
				CLANG_WARN_OBJC_IMPLICIT_RETAIN_SELF = YES;
				CLANG_WARN_OBJC_LITERAL_CONVERSION = YES;
				CLANG_WARN_OBJC_ROOT_CLASS = YES_ERROR;
				CLANG_WARN_QUOTED_INCLUDE_IN_FRAMEWORK_HEADER = YES;
				CLANG_WARN_RANGE_LOOP_ANALYSIS = YES;
				CLANG_WARN_STRICT_PROTOTYPES = YES;
				CLANG_WARN_SUSPICIOUS_MOVE = YES;
				CLANG_WARN_UNGUARDED_AVAILABILITY = YES_AGGRESSIVE;
				CLANG_WARN_UNREACHABLE_CODE = YES;
				CLANG_WARN__DUPLICATE_METHOD_MATCH = YES;
				COPY_PHASE_STRIP = NO;
				DEBUG_INFORMATION_FORMAT = dwarf;
				ENABLE_STRICT_OBJC_MSGSEND = YES;
				ENABLE_TESTABILITY = YES;
				GCC_C_LANGUAGE_STANDARD = gnu11;
				GCC_DYNAMIC_NO_PIC = NO;
				GCC_NO_COMMON_BLOCKS = YES;
				GCC_OPTIMIZATION_LEVEL = 0;
				GCC_PREPROCESSOR_DEFINITIONS = (
					"DEBUG=1",
					"$(inherited)",
				);
				GCC_WARN_64_TO_32_BIT_CONVERSION = YES;
				GCC_WARN_ABOUT_RETURN_TYPE = YES_ERROR;
				GCC_WARN_UNDECLARED_SELECTOR = YES;
				GCC_WARN_UNINITIALIZED_AUTOS = YES_AGGRESSIVE;
				GCC_WARN_UNUSED_FUNCTION = YES;
				GCC_WARN_UNUSED_VARIABLE = YES;
				IPHONEOS_DEPLOYMENT_TARGET = 15.5;
				MTL_ENABLE_DEBUG_INFO = INCLUDE_SOURCE;
				MTL_FAST_MATH = YES;
				ONLY_ACTIVE_ARCH = YES;
				SDKROOT = iphoneos;
				SWIFT_ACTIVE_COMPILATION_CONDITIONS = DEBUG;
				SWIFT_OPTIMIZATION_LEVEL = "-Onone";
			};
			name = Debug;
		};
		60A6AAB828B9060400150AF2 /* Release */ = {
			isa = XCBuildConfiguration;
			buildSettings = {
				ALWAYS_SEARCH_USER_PATHS = NO;
				CLANG_ANALYZER_NONNULL = YES;
				CLANG_ANALYZER_NUMBER_OBJECT_CONVERSION = YES_AGGRESSIVE;
				CLANG_CXX_LANGUAGE_STANDARD = "gnu++17";
				CLANG_ENABLE_MODULES = YES;
				CLANG_ENABLE_OBJC_ARC = YES;
				CLANG_ENABLE_OBJC_WEAK = YES;
				CLANG_WARN_BLOCK_CAPTURE_AUTORELEASING = YES;
				CLANG_WARN_BOOL_CONVERSION = YES;
				CLANG_WARN_COMMA = YES;
				CLANG_WARN_CONSTANT_CONVERSION = YES;
				CLANG_WARN_DEPRECATED_OBJC_IMPLEMENTATIONS = YES;
				CLANG_WARN_DIRECT_OBJC_ISA_USAGE = YES_ERROR;
				CLANG_WARN_DOCUMENTATION_COMMENTS = YES;
				CLANG_WARN_EMPTY_BODY = YES;
				CLANG_WARN_ENUM_CONVERSION = YES;
				CLANG_WARN_INFINITE_RECURSION = YES;
				CLANG_WARN_INT_CONVERSION = YES;
				CLANG_WARN_NON_LITERAL_NULL_CONVERSION = YES;
				CLANG_WARN_OBJC_IMPLICIT_RETAIN_SELF = YES;
				CLANG_WARN_OBJC_LITERAL_CONVERSION = YES;
				CLANG_WARN_OBJC_ROOT_CLASS = YES_ERROR;
				CLANG_WARN_QUOTED_INCLUDE_IN_FRAMEWORK_HEADER = YES;
				CLANG_WARN_RANGE_LOOP_ANALYSIS = YES;
				CLANG_WARN_STRICT_PROTOTYPES = YES;
				CLANG_WARN_SUSPICIOUS_MOVE = YES;
				CLANG_WARN_UNGUARDED_AVAILABILITY = YES_AGGRESSIVE;
				CLANG_WARN_UNREACHABLE_CODE = YES;
				CLANG_WARN__DUPLICATE_METHOD_MATCH = YES;
				COPY_PHASE_STRIP = NO;
				DEBUG_INFORMATION_FORMAT = "dwarf-with-dsym";
				ENABLE_NS_ASSERTIONS = NO;
				ENABLE_STRICT_OBJC_MSGSEND = YES;
				GCC_C_LANGUAGE_STANDARD = gnu11;
				GCC_NO_COMMON_BLOCKS = YES;
				GCC_WARN_64_TO_32_BIT_CONVERSION = YES;
				GCC_WARN_ABOUT_RETURN_TYPE = YES_ERROR;
				GCC_WARN_UNDECLARED_SELECTOR = YES;
				GCC_WARN_UNINITIALIZED_AUTOS = YES_AGGRESSIVE;
				GCC_WARN_UNUSED_FUNCTION = YES;
				GCC_WARN_UNUSED_VARIABLE = YES;
				IPHONEOS_DEPLOYMENT_TARGET = 15.5;
				MTL_ENABLE_DEBUG_INFO = NO;
				MTL_FAST_MATH = YES;
				SDKROOT = iphoneos;
				SWIFT_COMPILATION_MODE = wholemodule;
				SWIFT_OPTIMIZATION_LEVEL = "-O";
				VALIDATE_PRODUCT = YES;
			};
			name = Release;
		};
		60A6AABA28B9060400150AF2 /* Debug */ = {
			isa = XCBuildConfiguration;
			buildSettings = {
				ASSETCATALOG_COMPILER_APPICON_NAME = AppIcon;
				ASSETCATALOG_COMPILER_GLOBAL_ACCENT_COLOR_NAME = AccentColor;
				CODE_SIGN_STYLE = Automatic;
				CURRENT_PROJECT_VERSION = 1;
				DEVELOPMENT_TEAM = MV89SHQKF4;
				GENERATE_INFOPLIST_FILE = YES;
				INFOPLIST_FILE = "Walkie-Talkie/Info.plist";
				INFOPLIST_KEY_UIApplicationSupportsIndirectInputEvents = YES;
				INFOPLIST_KEY_UILaunchStoryboardName = LaunchScreen;
				INFOPLIST_KEY_UIMainStoryboardFile = Main;
				INFOPLIST_KEY_UISupportedInterfaceOrientations = UIInterfaceOrientationPortrait;
				INFOPLIST_KEY_UISupportedInterfaceOrientations_iPad = "UIInterfaceOrientationLandscapeLeft UIInterfaceOrientationLandscapeRight UIInterfaceOrientationPortrait UIInterfaceOrientationPortraitUpsideDown";
				IPHONEOS_DEPLOYMENT_TARGET = 13.0;
				LD_RUNPATH_SEARCH_PATHS = (
					"$(inherited)",
					"@executable_path/Frameworks",
				);
				MARKETING_VERSION = 1.0;
				PRODUCT_BUNDLE_IDENTIFIER = "com.ericKwon.Walkie-Talkie";
				PRODUCT_NAME = "$(TARGET_NAME)";
				SUPPORTED_PLATFORMS = "iphoneos iphonesimulator";
				SUPPORTS_MACCATALYST = NO;
				SUPPORTS_MAC_DESIGNED_FOR_IPHONE_IPAD = NO;
				SWIFT_EMIT_LOC_STRINGS = YES;
				SWIFT_VERSION = 5.0;
				TARGETED_DEVICE_FAMILY = 1;
			};
			name = Debug;
		};
		60A6AABB28B9060400150AF2 /* Release */ = {
			isa = XCBuildConfiguration;
			buildSettings = {
				ASSETCATALOG_COMPILER_APPICON_NAME = AppIcon;
				ASSETCATALOG_COMPILER_GLOBAL_ACCENT_COLOR_NAME = AccentColor;
				CODE_SIGN_STYLE = Automatic;
				CURRENT_PROJECT_VERSION = 1;
				DEVELOPMENT_TEAM = MV89SHQKF4;
				GENERATE_INFOPLIST_FILE = YES;
				INFOPLIST_FILE = "Walkie-Talkie/Info.plist";
				INFOPLIST_KEY_UIApplicationSupportsIndirectInputEvents = YES;
				INFOPLIST_KEY_UILaunchStoryboardName = LaunchScreen;
				INFOPLIST_KEY_UIMainStoryboardFile = Main;
				INFOPLIST_KEY_UISupportedInterfaceOrientations = UIInterfaceOrientationPortrait;
				INFOPLIST_KEY_UISupportedInterfaceOrientations_iPad = "UIInterfaceOrientationLandscapeLeft UIInterfaceOrientationLandscapeRight UIInterfaceOrientationPortrait UIInterfaceOrientationPortraitUpsideDown";
				IPHONEOS_DEPLOYMENT_TARGET = 13.0;
				LD_RUNPATH_SEARCH_PATHS = (
					"$(inherited)",
					"@executable_path/Frameworks",
				);
				MARKETING_VERSION = 1.0;
				PRODUCT_BUNDLE_IDENTIFIER = "com.ericKwon.Walkie-Talkie";
				PRODUCT_NAME = "$(TARGET_NAME)";
				SUPPORTED_PLATFORMS = "iphoneos iphonesimulator";
				SUPPORTS_MACCATALYST = NO;
				SUPPORTS_MAC_DESIGNED_FOR_IPHONE_IPAD = NO;
				SWIFT_EMIT_LOC_STRINGS = YES;
				SWIFT_VERSION = 5.0;
				TARGETED_DEVICE_FAMILY = 1;
			};
			name = Release;
		};
/* End XCBuildConfiguration section */

/* Begin XCConfigurationList section */
		60A6AA9D28B9060200150AF2 /* Build configuration list for PBXProject "Walkie-Talkie" */ = {
			isa = XCConfigurationList;
			buildConfigurations = (
				60A6AAB728B9060400150AF2 /* Debug */,
				60A6AAB828B9060400150AF2 /* Release */,
			);
			defaultConfigurationIsVisible = 0;
			defaultConfigurationName = Release;
		};
		60A6AAB928B9060400150AF2 /* Build configuration list for PBXNativeTarget "Walkie-Talkie" */ = {
			isa = XCConfigurationList;
			buildConfigurations = (
				60A6AABA28B9060400150AF2 /* Debug */,
				60A6AABB28B9060400150AF2 /* Release */,
			);
			defaultConfigurationIsVisible = 0;
			defaultConfigurationName = Release;
		};
/* End XCConfigurationList section */

/* Begin XCVersionGroup section */
		60A6AAAE28B9060200150AF2 /* Walkie_Talkie.xcdatamodeld */ = {
			isa = XCVersionGroup;
			children = (
				60A6AAAF28B9060200150AF2 /* Walkie_Talkie.xcdatamodel */,
			);
			currentVersion = 60A6AAAF28B9060200150AF2 /* Walkie_Talkie.xcdatamodel */;
			path = Walkie_Talkie.xcdatamodeld;
			sourceTree = "<group>";
			versionGroupType = wrapper.xcdatamodel;
		};
/* End XCVersionGroup section */
	};
	rootObject = 60A6AA9A28B9060200150AF2 /* Project object */;
}
